// !$*UTF8*$!
{
	archiveVersion = 1;
	classes = {
	};
	objectVersion = 54;
	objects = {

/* Begin PBXBuildFile section */
		00E356F31AD99517003FC87E /* EduProjectTests.m in Sources */ = {isa = PBXBuildFile; fileRef = 00E356F21AD99517003FC87E /* EduProjectTests.m */; };
		13B07FBC1A68108700A75B9A /* AppDelegate.m in Sources */ = {isa = PBXBuildFile; fileRef = 13B07FB01A68108700A75B9A /* AppDelegate.m */; };
		13B07FBF1A68108700A75B9A /* Images.xcassets in Resources */ = {isa = PBXBuildFile; fileRef = 13B07FB51A68108700A75B9A /* Images.xcassets */; };
		13B07FC11A68108700A75B9A /* main.m in Sources */ = {isa = PBXBuildFile; fileRef = 13B07FB71A68108700A75B9A /* main.m */; };
		81AB9BB82411601600AC10FF /* LaunchScreen.storyboard in Resources */ = {isa = PBXBuildFile; fileRef = 81AB9BB72411601600AC10FF /* LaunchScreen.storyboard */; };
		2815D6910D2B4EA181BF6A0B /* AntDesign.ttf in Resources */ = {isa = PBXBuildFile; fileRef = 35DE475ED21F47C4B057FCF2 /* AntDesign.ttf */; };
		A60917942C5649A6BB8752B7 /* Entypo.ttf in Resources */ = {isa = PBXBuildFile; fileRef = EDE3478A9BBF4CB09993A1B1 /* Entypo.ttf */; };
		ADBEE8C4BFCC445F9DED562B /* EvilIcons.ttf in Resources */ = {isa = PBXBuildFile; fileRef = AF1F0AF20F284B809686E78A /* EvilIcons.ttf */; };
		C8647588C2514267B9DEE8DB /* Feather.ttf in Resources */ = {isa = PBXBuildFile; fileRef = AFD59F7316C744519FAC5638 /* Feather.ttf */; };
		43C42EBDC00C4330BBFADFB2 /* FontAwesome.ttf in Resources */ = {isa = PBXBuildFile; fileRef = C359F8B0110C443CB6782E2C /* FontAwesome.ttf */; };
		B2446D8859FA468BA74F933F /* FontAwesome5_Brands.ttf in Resources */ = {isa = PBXBuildFile; fileRef = 2BD8BF9445F04618B22B4317 /* FontAwesome5_Brands.ttf */; };
		478463A000D64FFEA4F35679 /* FontAwesome5_Regular.ttf in Resources */ = {isa = PBXBuildFile; fileRef = D5C799DC2446434CAEB2934E /* FontAwesome5_Regular.ttf */; };
		52ECBF9ED79C40E69BE77C5E /* FontAwesome5_Solid.ttf in Resources */ = {isa = PBXBuildFile; fileRef = C65E96634466442BBC1C29F7 /* FontAwesome5_Solid.ttf */; };
		B388FAE731474F62AED41B76 /* Fontisto.ttf in Resources */ = {isa = PBXBuildFile; fileRef = 2629175C7BA64175BD77F67D /* Fontisto.ttf */; };
		7ECF7F68077B4464B57AAC39 /* Foundation.ttf in Resources */ = {isa = PBXBuildFile; fileRef = CCF781152FE244A198D572FE /* Foundation.ttf */; };
		5B2456A924EB438294EA5E88 /* Ionicons.ttf in Resources */ = {isa = PBXBuildFile; fileRef = 434FA966EEE146279C84CE26 /* Ionicons.ttf */; };
		A2C98E3B4021448C9D88DFB6 /* MaterialCommunityIcons.ttf in Resources */ = {isa = PBXBuildFile; fileRef = 76D36ABDB1794CA6B0F84916 /* MaterialCommunityIcons.ttf */; };
		F7C5EE1A61C84FA18B9BEB00 /* MaterialIcons.ttf in Resources */ = {isa = PBXBuildFile; fileRef = E9389F665E1043998F1D9B7F /* MaterialIcons.ttf */; };
		8CA1EE68CCE5420F95E869E6 /* Octicons.ttf in Resources */ = {isa = PBXBuildFile; fileRef = 6167D293E4CE4F0DB823F32C /* Octicons.ttf */; };
		1BE74B43A2D14C62B49E572D /* SimpleLineIcons.ttf in Resources */ = {isa = PBXBuildFile; fileRef = 55C63D7F08B24AAB95B0939E /* SimpleLineIcons.ttf */; };
		F40733A66B1F47B1B784C833 /* Zocial.ttf in Resources */ = {isa = PBXBuildFile; fileRef = 58092B8768BC49C597CA0428 /* Zocial.ttf */; };
		28688A7D98EE4C2BB23572CA /* Montserrat-Black.ttf in Resources */ = {isa = PBXBuildFile; fileRef = B9D31F5027A94A0B86F63E4E /* Montserrat-Black.ttf */; };
		02F436C450B44AF0B55CAADE /* Montserrat-BlackItalic.ttf in Resources */ = {isa = PBXBuildFile; fileRef = 128274CCE2A94F0EBE40FDDC /* Montserrat-BlackItalic.ttf */; };
		8D9567AF514B4897BA31DD87 /* Montserrat-Bold.ttf in Resources */ = {isa = PBXBuildFile; fileRef = C40FED6A7A18484192D63321 /* Montserrat-Bold.ttf */; };
		E717EB52E73343A48B7B7D5D /* Montserrat-BoldItalic.ttf in Resources */ = {isa = PBXBuildFile; fileRef = E03814A11C964462937E3F34 /* Montserrat-BoldItalic.ttf */; };
		726C59ECF37E4019A4929356 /* Montserrat-ExtraBold.ttf in Resources */ = {isa = PBXBuildFile; fileRef = B0109C0EC319493DB2454006 /* Montserrat-ExtraBold.ttf */; };
		C615FA96E8844211AD7E5B15 /* Montserrat-ExtraBoldItalic.ttf in Resources */ = {isa = PBXBuildFile; fileRef = 2133C7424D9545CA886B3EAD /* Montserrat-ExtraBoldItalic.ttf */; };
		8EEC562745C14DD7A4E38C7D /* Montserrat-ExtraLight.ttf in Resources */ = {isa = PBXBuildFile; fileRef = 5B092A5DABCF4243B97A7371 /* Montserrat-ExtraLight.ttf */; };
		53DEF87FA5514DD6B5624E6A /* Montserrat-ExtraLightItalic.ttf in Resources */ = {isa = PBXBuildFile; fileRef = 58E0B9D80FD347D4AC80344F /* Montserrat-ExtraLightItalic.ttf */; };
		1D44C9B26DD74C4EA33F4CAC /* Montserrat-Italic.ttf in Resources */ = {isa = PBXBuildFile; fileRef = 89FFD62B7A55422590BC1998 /* Montserrat-Italic.ttf */; };
		83EDA19EC4C3479EA9772791 /* Montserrat-Light.ttf in Resources */ = {isa = PBXBuildFile; fileRef = 57A9CF98A0014EDB80C25646 /* Montserrat-Light.ttf */; };
		0E9EFA5CF1C44EE391B5307C /* Montserrat-LightItalic.ttf in Resources */ = {isa = PBXBuildFile; fileRef = A9D442FF50324F1B936C166B /* Montserrat-LightItalic.ttf */; };
		51CFEDFFCC20436AA8C40FD9 /* Montserrat-Medium.ttf in Resources */ = {isa = PBXBuildFile; fileRef = 5D7AA7DE87404510823AC9C3 /* Montserrat-Medium.ttf */; };
		17E43D7FC4744230BE37B7B8 /* Montserrat-MediumItalic.ttf in Resources */ = {isa = PBXBuildFile; fileRef = 6C133D2A9D2F47D5A2094EAD /* Montserrat-MediumItalic.ttf */; };
		D0916EEA72984423ACFA218F /* Montserrat-Regular.ttf in Resources */ = {isa = PBXBuildFile; fileRef = 802D1F8143BC4B7ABEE0E0EA /* Montserrat-Regular.ttf */; };
		8BED88691BCE4BAFB216DB77 /* Montserrat-SemiBold.ttf in Resources */ = {isa = PBXBuildFile; fileRef = 4F62A09DD84E436E9828730A /* Montserrat-SemiBold.ttf */; };
		C0574A5EBE1B4559A3D60698 /* Montserrat-SemiBoldItalic.ttf in Resources */ = {isa = PBXBuildFile; fileRef = EF5A7496AC414B6087E29103 /* Montserrat-SemiBoldItalic.ttf */; };
		9F377A8CCAC844C08E199DFD /* Montserrat-Thin.ttf in Resources */ = {isa = PBXBuildFile; fileRef = 43E0999E3FFF484E8955C089 /* Montserrat-Thin.ttf */; };
		F0D5DD6389654740B63B9507 /* Montserrat-ThinItalic.ttf in Resources */ = {isa = PBXBuildFile; fileRef = CE75CA351FB64E178F4CEC9B /* Montserrat-ThinItalic.ttf */; };
		CFB62D4C259C4008AEA39758 /* Poppins-Black.ttf in Resources */ = {isa = PBXBuildFile; fileRef = 59125FC79B6F4DADBDB3E934 /* Poppins-Black.ttf */; };
		ADEFA3C090AE4C8D869C2A84 /* Poppins-BlackItalic.ttf in Resources */ = {isa = PBXBuildFile; fileRef = 6DB21C0146394F6A91C38AB4 /* Poppins-BlackItalic.ttf */; };
		C58799C5173248619C71AFDE /* Poppins-Bold.ttf in Resources */ = {isa = PBXBuildFile; fileRef = 14FC6E6EB60444F897599683 /* Poppins-Bold.ttf */; };
		9135AD4DBEDE4DB2AFD3E9EB /* Poppins-BoldItalic.ttf in Resources */ = {isa = PBXBuildFile; fileRef = 66D9A7F5A64F42D097303688 /* Poppins-BoldItalic.ttf */; };
		F7DCAC3978114870A49A2B57 /* Poppins-ExtraBold.ttf in Resources */ = {isa = PBXBuildFile; fileRef = 90D63EE482B84B16B3BE6FD4 /* Poppins-ExtraBold.ttf */; };
		4E516B1C89E8430389D2E4A4 /* Poppins-ExtraBoldItalic.ttf in Resources */ = {isa = PBXBuildFile; fileRef = D0C4BB6641524D27B25B68FA /* Poppins-ExtraBoldItalic.ttf */; };
		F05C377094AB43B6B821D6D1 /* Poppins-ExtraLight.ttf in Resources */ = {isa = PBXBuildFile; fileRef = B751C40642044FACBA4EDF88 /* Poppins-ExtraLight.ttf */; };
		31E26A02B0DA4F7C995FF999 /* Poppins-ExtraLightItalic.ttf in Resources */ = {isa = PBXBuildFile; fileRef = 7735DC8798834E3A9352E1AF /* Poppins-ExtraLightItalic.ttf */; };
		C8605199331F4E878C61E790 /* Poppins-Italic.ttf in Resources */ = {isa = PBXBuildFile; fileRef = 161CDC2DBF6146C887843720 /* Poppins-Italic.ttf */; };
		790250B581104699B57F0C74 /* Poppins-Light.ttf in Resources */ = {isa = PBXBuildFile; fileRef = 4A4F3DFB70894A35B40FE9E3 /* Poppins-Light.ttf */; };
		0F913A6B60C04C04A26DF182 /* Poppins-LightItalic.ttf in Resources */ = {isa = PBXBuildFile; fileRef = 0FCF9A08BD884789BACE5369 /* Poppins-LightItalic.ttf */; };
		F71792A9AEE14ABCA261BF8F /* Poppins-Medium.ttf in Resources */ = {isa = PBXBuildFile; fileRef = 062D4C110C0D4B538AA905E8 /* Poppins-Medium.ttf */; };
		B5FE6ABDBF434E09A3B4B697 /* Poppins-MediumItalic.ttf in Resources */ = {isa = PBXBuildFile; fileRef = FCC01E27DA214300A1DAEA78 /* Poppins-MediumItalic.ttf */; };
		BB5097865D164D46B1672BDC /* Poppins-Regular.ttf in Resources */ = {isa = PBXBuildFile; fileRef = 19FA51E740C247439A3FD12B /* Poppins-Regular.ttf */; };
		E58BAA312D0F43B19E951FBF /* Poppins-SemiBold.ttf in Resources */ = {isa = PBXBuildFile; fileRef = D098D2A104B54E4A8DA0E5A7 /* Poppins-SemiBold.ttf */; };
		1AC5BEF2BEA14363B004DA99 /* Poppins-SemiBoldItalic.ttf in Resources */ = {isa = PBXBuildFile; fileRef = C48F9C4190F64C7EA0A8DDF0 /* Poppins-SemiBoldItalic.ttf */; };
		33305ACB62964A0091D3D883 /* Poppins-Thin.ttf in Resources */ = {isa = PBXBuildFile; fileRef = FAF18A4324754C27B61C692E /* Poppins-Thin.ttf */; };
		2567BEC62B9547CE9B378F8B /* Poppins-ThinItalic.ttf in Resources */ = {isa = PBXBuildFile; fileRef = 308937D5A57C4E64B304546B /* Poppins-ThinItalic.ttf */; };
/* End PBXBuildFile section */

/* Begin PBXContainerItemProxy section */
		00E356F41AD99517003FC87E /* PBXContainerItemProxy */ = {
			isa = PBXContainerItemProxy;
			containerPortal = 83CBB9F71A601CBA00E9B192 /* Project object */;
			proxyType = 1;
			remoteGlobalIDString = 13B07F861A680F5B00A75B9A;
			remoteInfo = EduProject;
		};
/* End PBXContainerItemProxy section */

/* Begin PBXFileReference section */
		00E356EE1AD99517003FC87E /* EduProjectTests.xctest */ = {isa = PBXFileReference; explicitFileType = wrapper.cfbundle; includeInIndex = 0; path = EduProjectTests.xctest; sourceTree = BUILT_PRODUCTS_DIR; };
		00E356F11AD99517003FC87E /* Info.plist */ = {isa = PBXFileReference; lastKnownFileType = text.plist.xml; path = Info.plist; sourceTree = "<group>"; };
		00E356F21AD99517003FC87E /* EduProjectTests.m */ = {isa = PBXFileReference; lastKnownFileType = sourcecode.c.objc; path = EduProjectTests.m; sourceTree = "<group>"; };
		13B07F961A680F5B00A75B9A /* EduProject.app */ = {isa = PBXFileReference; explicitFileType = wrapper.application; includeInIndex = 0; path = EduProject.app; sourceTree = BUILT_PRODUCTS_DIR; };
		13B07FAF1A68108700A75B9A /* AppDelegate.h */ = {isa = PBXFileReference; fileEncoding = 4; lastKnownFileType = sourcecode.c.h; name = AppDelegate.h; path = EduProject/AppDelegate.h; sourceTree = "<group>"; };
		13B07FB01A68108700A75B9A /* AppDelegate.m */ = {isa = PBXFileReference; fileEncoding = 4; lastKnownFileType = sourcecode.c.objc; name = AppDelegate.m; path = EduProject/AppDelegate.m; sourceTree = "<group>"; };
		13B07FB51A68108700A75B9A /* Images.xcassets */ = {isa = PBXFileReference; lastKnownFileType = folder.assetcatalog; name = Images.xcassets; path = EduProject/Images.xcassets; sourceTree = "<group>"; };
		13B07FB61A68108700A75B9A /* Info.plist */ = {isa = PBXFileReference; fileEncoding = 4; lastKnownFileType = text.plist.xml; name = Info.plist; path = EduProject/Info.plist; sourceTree = "<group>"; };
		13B07FB71A68108700A75B9A /* main.m */ = {isa = PBXFileReference; fileEncoding = 4; lastKnownFileType = sourcecode.c.objc; name = main.m; path = EduProject/main.m; sourceTree = "<group>"; };
		81AB9BB72411601600AC10FF /* LaunchScreen.storyboard */ = {isa = PBXFileReference; fileEncoding = 4; lastKnownFileType = file.storyboard; name = LaunchScreen.storyboard; path = EduProject/LaunchScreen.storyboard; sourceTree = "<group>"; };
		ED297162215061F000B7C4FE /* JavaScriptCore.framework */ = {isa = PBXFileReference; lastKnownFileType = wrapper.framework; name = JavaScriptCore.framework; path = System/Library/Frameworks/JavaScriptCore.framework; sourceTree = SDKROOT; };
		35DE475ED21F47C4B057FCF2 /* AntDesign.ttf */ = {isa = PBXFileReference; name = "AntDesign.ttf"; path = "../node_modules/react-native-vector-icons/Fonts/AntDesign.ttf"; sourceTree = "<group>"; fileEncoding = undefined; lastKnownFileType = unknown; explicitFileType = undefined; includeInIndex = 0; };
		EDE3478A9BBF4CB09993A1B1 /* Entypo.ttf */ = {isa = PBXFileReference; name = "Entypo.ttf"; path = "../node_modules/react-native-vector-icons/Fonts/Entypo.ttf"; sourceTree = "<group>"; fileEncoding = undefined; lastKnownFileType = unknown; explicitFileType = undefined; includeInIndex = 0; };
		AF1F0AF20F284B809686E78A /* EvilIcons.ttf */ = {isa = PBXFileReference; name = "EvilIcons.ttf"; path = "../node_modules/react-native-vector-icons/Fonts/EvilIcons.ttf"; sourceTree = "<group>"; fileEncoding = undefined; lastKnownFileType = unknown; explicitFileType = undefined; includeInIndex = 0; };
		AFD59F7316C744519FAC5638 /* Feather.ttf */ = {isa = PBXFileReference; name = "Feather.ttf"; path = "../node_modules/react-native-vector-icons/Fonts/Feather.ttf"; sourceTree = "<group>"; fileEncoding = undefined; lastKnownFileType = unknown; explicitFileType = undefined; includeInIndex = 0; };
		C359F8B0110C443CB6782E2C /* FontAwesome.ttf */ = {isa = PBXFileReference; name = "FontAwesome.ttf"; path = "../node_modules/react-native-vector-icons/Fonts/FontAwesome.ttf"; sourceTree = "<group>"; fileEncoding = undefined; lastKnownFileType = unknown; explicitFileType = undefined; includeInIndex = 0; };
		2BD8BF9445F04618B22B4317 /* FontAwesome5_Brands.ttf */ = {isa = PBXFileReference; name = "FontAwesome5_Brands.ttf"; path = "../node_modules/react-native-vector-icons/Fonts/FontAwesome5_Brands.ttf"; sourceTree = "<group>"; fileEncoding = undefined; lastKnownFileType = unknown; explicitFileType = undefined; includeInIndex = 0; };
		D5C799DC2446434CAEB2934E /* FontAwesome5_Regular.ttf */ = {isa = PBXFileReference; name = "FontAwesome5_Regular.ttf"; path = "../node_modules/react-native-vector-icons/Fonts/FontAwesome5_Regular.ttf"; sourceTree = "<group>"; fileEncoding = undefined; lastKnownFileType = unknown; explicitFileType = undefined; includeInIndex = 0; };
		C65E96634466442BBC1C29F7 /* FontAwesome5_Solid.ttf */ = {isa = PBXFileReference; name = "FontAwesome5_Solid.ttf"; path = "../node_modules/react-native-vector-icons/Fonts/FontAwesome5_Solid.ttf"; sourceTree = "<group>"; fileEncoding = undefined; lastKnownFileType = unknown; explicitFileType = undefined; includeInIndex = 0; };
		2629175C7BA64175BD77F67D /* Fontisto.ttf */ = {isa = PBXFileReference; name = "Fontisto.ttf"; path = "../node_modules/react-native-vector-icons/Fonts/Fontisto.ttf"; sourceTree = "<group>"; fileEncoding = undefined; lastKnownFileType = unknown; explicitFileType = undefined; includeInIndex = 0; };
		CCF781152FE244A198D572FE /* Foundation.ttf */ = {isa = PBXFileReference; name = "Foundation.ttf"; path = "../node_modules/react-native-vector-icons/Fonts/Foundation.ttf"; sourceTree = "<group>"; fileEncoding = undefined; lastKnownFileType = unknown; explicitFileType = undefined; includeInIndex = 0; };
		434FA966EEE146279C84CE26 /* Ionicons.ttf */ = {isa = PBXFileReference; name = "Ionicons.ttf"; path = "../node_modules/react-native-vector-icons/Fonts/Ionicons.ttf"; sourceTree = "<group>"; fileEncoding = undefined; lastKnownFileType = unknown; explicitFileType = undefined; includeInIndex = 0; };
		76D36ABDB1794CA6B0F84916 /* MaterialCommunityIcons.ttf */ = {isa = PBXFileReference; name = "MaterialCommunityIcons.ttf"; path = "../node_modules/react-native-vector-icons/Fonts/MaterialCommunityIcons.ttf"; sourceTree = "<group>"; fileEncoding = undefined; lastKnownFileType = unknown; explicitFileType = undefined; includeInIndex = 0; };
		E9389F665E1043998F1D9B7F /* MaterialIcons.ttf */ = {isa = PBXFileReference; name = "MaterialIcons.ttf"; path = "../node_modules/react-native-vector-icons/Fonts/MaterialIcons.ttf"; sourceTree = "<group>"; fileEncoding = undefined; lastKnownFileType = unknown; explicitFileType = undefined; includeInIndex = 0; };
		6167D293E4CE4F0DB823F32C /* Octicons.ttf */ = {isa = PBXFileReference; name = "Octicons.ttf"; path = "../node_modules/react-native-vector-icons/Fonts/Octicons.ttf"; sourceTree = "<group>"; fileEncoding = undefined; lastKnownFileType = unknown; explicitFileType = undefined; includeInIndex = 0; };
		55C63D7F08B24AAB95B0939E /* SimpleLineIcons.ttf */ = {isa = PBXFileReference; name = "SimpleLineIcons.ttf"; path = "../node_modules/react-native-vector-icons/Fonts/SimpleLineIcons.ttf"; sourceTree = "<group>"; fileEncoding = undefined; lastKnownFileType = unknown; explicitFileType = undefined; includeInIndex = 0; };
		58092B8768BC49C597CA0428 /* Zocial.ttf */ = {isa = PBXFileReference; name = "Zocial.ttf"; path = "../node_modules/react-native-vector-icons/Fonts/Zocial.ttf"; sourceTree = "<group>"; fileEncoding = undefined; lastKnownFileType = unknown; explicitFileType = undefined; includeInIndex = 0; };
		B9D31F5027A94A0B86F63E4E /* Montserrat-Black.ttf */ = {isa = PBXFileReference; name = "Montserrat-Black.ttf"; path = "../assets/fonts/Montserrat-Black.ttf"; sourceTree = "<group>"; fileEncoding = undefined; lastKnownFileType = unknown; explicitFileType = undefined; includeInIndex = 0; };
		128274CCE2A94F0EBE40FDDC /* Montserrat-BlackItalic.ttf */ = {isa = PBXFileReference; name = "Montserrat-BlackItalic.ttf"; path = "../assets/fonts/Montserrat-BlackItalic.ttf"; sourceTree = "<group>"; fileEncoding = undefined; lastKnownFileType = unknown; explicitFileType = undefined; includeInIndex = 0; };
		C40FED6A7A18484192D63321 /* Montserrat-Bold.ttf */ = {isa = PBXFileReference; name = "Montserrat-Bold.ttf"; path = "../assets/fonts/Montserrat-Bold.ttf"; sourceTree = "<group>"; fileEncoding = undefined; lastKnownFileType = unknown; explicitFileType = undefined; includeInIndex = 0; };
		E03814A11C964462937E3F34 /* Montserrat-BoldItalic.ttf */ = {isa = PBXFileReference; name = "Montserrat-BoldItalic.ttf"; path = "../assets/fonts/Montserrat-BoldItalic.ttf"; sourceTree = "<group>"; fileEncoding = undefined; lastKnownFileType = unknown; explicitFileType = undefined; includeInIndex = 0; };
		B0109C0EC319493DB2454006 /* Montserrat-ExtraBold.ttf */ = {isa = PBXFileReference; name = "Montserrat-ExtraBold.ttf"; path = "../assets/fonts/Montserrat-ExtraBold.ttf"; sourceTree = "<group>"; fileEncoding = undefined; lastKnownFileType = unknown; explicitFileType = undefined; includeInIndex = 0; };
		2133C7424D9545CA886B3EAD /* Montserrat-ExtraBoldItalic.ttf */ = {isa = PBXFileReference; name = "Montserrat-ExtraBoldItalic.ttf"; path = "../assets/fonts/Montserrat-ExtraBoldItalic.ttf"; sourceTree = "<group>"; fileEncoding = undefined; lastKnownFileType = unknown; explicitFileType = undefined; includeInIndex = 0; };
		5B092A5DABCF4243B97A7371 /* Montserrat-ExtraLight.ttf */ = {isa = PBXFileReference; name = "Montserrat-ExtraLight.ttf"; path = "../assets/fonts/Montserrat-ExtraLight.ttf"; sourceTree = "<group>"; fileEncoding = undefined; lastKnownFileType = unknown; explicitFileType = undefined; includeInIndex = 0; };
		58E0B9D80FD347D4AC80344F /* Montserrat-ExtraLightItalic.ttf */ = {isa = PBXFileReference; name = "Montserrat-ExtraLightItalic.ttf"; path = "../assets/fonts/Montserrat-ExtraLightItalic.ttf"; sourceTree = "<group>"; fileEncoding = undefined; lastKnownFileType = unknown; explicitFileType = undefined; includeInIndex = 0; };
		89FFD62B7A55422590BC1998 /* Montserrat-Italic.ttf */ = {isa = PBXFileReference; name = "Montserrat-Italic.ttf"; path = "../assets/fonts/Montserrat-Italic.ttf"; sourceTree = "<group>"; fileEncoding = undefined; lastKnownFileType = unknown; explicitFileType = undefined; includeInIndex = 0; };
		57A9CF98A0014EDB80C25646 /* Montserrat-Light.ttf */ = {isa = PBXFileReference; name = "Montserrat-Light.ttf"; path = "../assets/fonts/Montserrat-Light.ttf"; sourceTree = "<group>"; fileEncoding = undefined; lastKnownFileType = unknown; explicitFileType = undefined; includeInIndex = 0; };
		A9D442FF50324F1B936C166B /* Montserrat-LightItalic.ttf */ = {isa = PBXFileReference; name = "Montserrat-LightItalic.ttf"; path = "../assets/fonts/Montserrat-LightItalic.ttf"; sourceTree = "<group>"; fileEncoding = undefined; lastKnownFileType = unknown; explicitFileType = undefined; includeInIndex = 0; };
		5D7AA7DE87404510823AC9C3 /* Montserrat-Medium.ttf */ = {isa = PBXFileReference; name = "Montserrat-Medium.ttf"; path = "../assets/fonts/Montserrat-Medium.ttf"; sourceTree = "<group>"; fileEncoding = undefined; lastKnownFileType = unknown; explicitFileType = undefined; includeInIndex = 0; };
		6C133D2A9D2F47D5A2094EAD /* Montserrat-MediumItalic.ttf */ = {isa = PBXFileReference; name = "Montserrat-MediumItalic.ttf"; path = "../assets/fonts/Montserrat-MediumItalic.ttf"; sourceTree = "<group>"; fileEncoding = undefined; lastKnownFileType = unknown; explicitFileType = undefined; includeInIndex = 0; };
		802D1F8143BC4B7ABEE0E0EA /* Montserrat-Regular.ttf */ = {isa = PBXFileReference; name = "Montserrat-Regular.ttf"; path = "../assets/fonts/Montserrat-Regular.ttf"; sourceTree = "<group>"; fileEncoding = undefined; lastKnownFileType = unknown; explicitFileType = undefined; includeInIndex = 0; };
		4F62A09DD84E436E9828730A /* Montserrat-SemiBold.ttf */ = {isa = PBXFileReference; name = "Montserrat-SemiBold.ttf"; path = "../assets/fonts/Montserrat-SemiBold.ttf"; sourceTree = "<group>"; fileEncoding = undefined; lastKnownFileType = unknown; explicitFileType = undefined; includeInIndex = 0; };
		EF5A7496AC414B6087E29103 /* Montserrat-SemiBoldItalic.ttf */ = {isa = PBXFileReference; name = "Montserrat-SemiBoldItalic.ttf"; path = "../assets/fonts/Montserrat-SemiBoldItalic.ttf"; sourceTree = "<group>"; fileEncoding = undefined; lastKnownFileType = unknown; explicitFileType = undefined; includeInIndex = 0; };
		43E0999E3FFF484E8955C089 /* Montserrat-Thin.ttf */ = {isa = PBXFileReference; name = "Montserrat-Thin.ttf"; path = "../assets/fonts/Montserrat-Thin.ttf"; sourceTree = "<group>"; fileEncoding = undefined; lastKnownFileType = unknown; explicitFileType = undefined; includeInIndex = 0; };
		CE75CA351FB64E178F4CEC9B /* Montserrat-ThinItalic.ttf */ = {isa = PBXFileReference; name = "Montserrat-ThinItalic.ttf"; path = "../assets/fonts/Montserrat-ThinItalic.ttf"; sourceTree = "<group>"; fileEncoding = undefined; lastKnownFileType = unknown; explicitFileType = undefined; includeInIndex = 0; };
		59125FC79B6F4DADBDB3E934 /* Poppins-Black.ttf */ = {isa = PBXFileReference; name = "Poppins-Black.ttf"; path = "../assets/fonts/Poppins-Black.ttf"; sourceTree = "<group>"; fileEncoding = undefined; lastKnownFileType = unknown; explicitFileType = undefined; includeInIndex = 0; };
		6DB21C0146394F6A91C38AB4 /* Poppins-BlackItalic.ttf */ = {isa = PBXFileReference; name = "Poppins-BlackItalic.ttf"; path = "../assets/fonts/Poppins-BlackItalic.ttf"; sourceTree = "<group>"; fileEncoding = undefined; lastKnownFileType = unknown; explicitFileType = undefined; includeInIndex = 0; };
		14FC6E6EB60444F897599683 /* Poppins-Bold.ttf */ = {isa = PBXFileReference; name = "Poppins-Bold.ttf"; path = "../assets/fonts/Poppins-Bold.ttf"; sourceTree = "<group>"; fileEncoding = undefined; lastKnownFileType = unknown; explicitFileType = undefined; includeInIndex = 0; };
		66D9A7F5A64F42D097303688 /* Poppins-BoldItalic.ttf */ = {isa = PBXFileReference; name = "Poppins-BoldItalic.ttf"; path = "../assets/fonts/Poppins-BoldItalic.ttf"; sourceTree = "<group>"; fileEncoding = undefined; lastKnownFileType = unknown; explicitFileType = undefined; includeInIndex = 0; };
		90D63EE482B84B16B3BE6FD4 /* Poppins-ExtraBold.ttf */ = {isa = PBXFileReference; name = "Poppins-ExtraBold.ttf"; path = "../assets/fonts/Poppins-ExtraBold.ttf"; sourceTree = "<group>"; fileEncoding = undefined; lastKnownFileType = unknown; explicitFileType = undefined; includeInIndex = 0; };
		D0C4BB6641524D27B25B68FA /* Poppins-ExtraBoldItalic.ttf */ = {isa = PBXFileReference; name = "Poppins-ExtraBoldItalic.ttf"; path = "../assets/fonts/Poppins-ExtraBoldItalic.ttf"; sourceTree = "<group>"; fileEncoding = undefined; lastKnownFileType = unknown; explicitFileType = undefined; includeInIndex = 0; };
		B751C40642044FACBA4EDF88 /* Poppins-ExtraLight.ttf */ = {isa = PBXFileReference; name = "Poppins-ExtraLight.ttf"; path = "../assets/fonts/Poppins-ExtraLight.ttf"; sourceTree = "<group>"; fileEncoding = undefined; lastKnownFileType = unknown; explicitFileType = undefined; includeInIndex = 0; };
		7735DC8798834E3A9352E1AF /* Poppins-ExtraLightItalic.ttf */ = {isa = PBXFileReference; name = "Poppins-ExtraLightItalic.ttf"; path = "../assets/fonts/Poppins-ExtraLightItalic.ttf"; sourceTree = "<group>"; fileEncoding = undefined; lastKnownFileType = unknown; explicitFileType = undefined; includeInIndex = 0; };
		161CDC2DBF6146C887843720 /* Poppins-Italic.ttf */ = {isa = PBXFileReference; name = "Poppins-Italic.ttf"; path = "../assets/fonts/Poppins-Italic.ttf"; sourceTree = "<group>"; fileEncoding = undefined; lastKnownFileType = unknown; explicitFileType = undefined; includeInIndex = 0; };
		4A4F3DFB70894A35B40FE9E3 /* Poppins-Light.ttf */ = {isa = PBXFileReference; name = "Poppins-Light.ttf"; path = "../assets/fonts/Poppins-Light.ttf"; sourceTree = "<group>"; fileEncoding = undefined; lastKnownFileType = unknown; explicitFileType = undefined; includeInIndex = 0; };
		0FCF9A08BD884789BACE5369 /* Poppins-LightItalic.ttf */ = {isa = PBXFileReference; name = "Poppins-LightItalic.ttf"; path = "../assets/fonts/Poppins-LightItalic.ttf"; sourceTree = "<group>"; fileEncoding = undefined; lastKnownFileType = unknown; explicitFileType = undefined; includeInIndex = 0; };
		062D4C110C0D4B538AA905E8 /* Poppins-Medium.ttf */ = {isa = PBXFileReference; name = "Poppins-Medium.ttf"; path = "../assets/fonts/Poppins-Medium.ttf"; sourceTree = "<group>"; fileEncoding = undefined; lastKnownFileType = unknown; explicitFileType = undefined; includeInIndex = 0; };
		FCC01E27DA214300A1DAEA78 /* Poppins-MediumItalic.ttf */ = {isa = PBXFileReference; name = "Poppins-MediumItalic.ttf"; path = "../assets/fonts/Poppins-MediumItalic.ttf"; sourceTree = "<group>"; fileEncoding = undefined; lastKnownFileType = unknown; explicitFileType = undefined; includeInIndex = 0; };
		19FA51E740C247439A3FD12B /* Poppins-Regular.ttf */ = {isa = PBXFileReference; name = "Poppins-Regular.ttf"; path = "../assets/fonts/Poppins-Regular.ttf"; sourceTree = "<group>"; fileEncoding = undefined; lastKnownFileType = unknown; explicitFileType = undefined; includeInIndex = 0; };
		D098D2A104B54E4A8DA0E5A7 /* Poppins-SemiBold.ttf */ = {isa = PBXFileReference; name = "Poppins-SemiBold.ttf"; path = "../assets/fonts/Poppins-SemiBold.ttf"; sourceTree = "<group>"; fileEncoding = undefined; lastKnownFileType = unknown; explicitFileType = undefined; includeInIndex = 0; };
		C48F9C4190F64C7EA0A8DDF0 /* Poppins-SemiBoldItalic.ttf */ = {isa = PBXFileReference; name = "Poppins-SemiBoldItalic.ttf"; path = "../assets/fonts/Poppins-SemiBoldItalic.ttf"; sourceTree = "<group>"; fileEncoding = undefined; lastKnownFileType = unknown; explicitFileType = undefined; includeInIndex = 0; };
		FAF18A4324754C27B61C692E /* Poppins-Thin.ttf */ = {isa = PBXFileReference; name = "Poppins-Thin.ttf"; path = "../assets/fonts/Poppins-Thin.ttf"; sourceTree = "<group>"; fileEncoding = undefined; lastKnownFileType = unknown; explicitFileType = undefined; includeInIndex = 0; };
		308937D5A57C4E64B304546B /* Poppins-ThinItalic.ttf */ = {isa = PBXFileReference; name = "Poppins-ThinItalic.ttf"; path = "../assets/fonts/Poppins-ThinItalic.ttf"; sourceTree = "<group>"; fileEncoding = undefined; lastKnownFileType = unknown; explicitFileType = undefined; includeInIndex = 0; };
/* End PBXFileReference section */

/* Begin PBXFrameworksBuildPhase section */
		00E356EB1AD99517003FC87E /* Frameworks */ = {
			isa = PBXFrameworksBuildPhase;
			buildActionMask = 2147483647;
			files = (
			);
			runOnlyForDeploymentPostprocessing = 0;
		};
		13B07F8C1A680F5B00A75B9A /* Frameworks */ = {
			isa = PBXFrameworksBuildPhase;
			buildActionMask = 2147483647;
			files = (
			);
			runOnlyForDeploymentPostprocessing = 0;
		};
/* End PBXFrameworksBuildPhase section */

/* Begin PBXGroup section */
		00E356EF1AD99517003FC87E /* EduProjectTests */ = {
			isa = PBXGroup;
			children = (
				00E356F21AD99517003FC87E /* EduProjectTests.m */,
				00E356F01AD99517003FC87E /* Supporting Files */,
			);
			path = EduProjectTests;
			sourceTree = "<group>";
		};
		00E356F01AD99517003FC87E /* Supporting Files */ = {
			isa = PBXGroup;
			children = (
				00E356F11AD99517003FC87E /* Info.plist */,
			);
			name = "Supporting Files";
			sourceTree = "<group>";
		};
		13B07FAE1A68108700A75B9A /* EduProject */ = {
			isa = PBXGroup;
			children = (
				13B07FAF1A68108700A75B9A /* AppDelegate.h */,
				13B07FB01A68108700A75B9A /* AppDelegate.m */,
				13B07FB51A68108700A75B9A /* Images.xcassets */,
				13B07FB61A68108700A75B9A /* Info.plist */,
				81AB9BB72411601600AC10FF /* LaunchScreen.storyboard */,
				13B07FB71A68108700A75B9A /* main.m */,
			);
			name = EduProject;
			sourceTree = "<group>";
		};
		2D16E6871FA4F8E400B85C8A /* Frameworks */ = {
			isa = PBXGroup;
			children = (
				ED297162215061F000B7C4FE /* JavaScriptCore.framework */,
			);
			name = Frameworks;
			sourceTree = "<group>";
		};
		832341AE1AAA6A7D00B99B32 /* Libraries */ = {
			isa = PBXGroup;
			children = (
			);
			name = Libraries;
			sourceTree = "<group>";
		};
		83CBB9F61A601CBA00E9B192 = {
			isa = PBXGroup;
			children = (
				13B07FAE1A68108700A75B9A /* EduProject */,
				832341AE1AAA6A7D00B99B32 /* Libraries */,
				00E356EF1AD99517003FC87E /* EduProjectTests */,
				83CBBA001A601CBA00E9B192 /* Products */,
				2D16E6871FA4F8E400B85C8A /* Frameworks */,
				A1A268E5429047FE827E2CEE /* Resources */,
			);
			indentWidth = 2;
			sourceTree = "<group>";
			tabWidth = 2;
			usesTabs = 0;
		};
		83CBBA001A601CBA00E9B192 /* Products */ = {
			isa = PBXGroup;
			children = (
				13B07F961A680F5B00A75B9A /* EduProject.app */,
				00E356EE1AD99517003FC87E /* EduProjectTests.xctest */,
			);
			name = Products;
			sourceTree = "<group>";
		};
		A1A268E5429047FE827E2CEE /* Resources */ = {
			isa = "PBXGroup";
			children = (
				35DE475ED21F47C4B057FCF2 /* AntDesign.ttf */,
				EDE3478A9BBF4CB09993A1B1 /* Entypo.ttf */,
				AF1F0AF20F284B809686E78A /* EvilIcons.ttf */,
				AFD59F7316C744519FAC5638 /* Feather.ttf */,
				C359F8B0110C443CB6782E2C /* FontAwesome.ttf */,
				2BD8BF9445F04618B22B4317 /* FontAwesome5_Brands.ttf */,
				D5C799DC2446434CAEB2934E /* FontAwesome5_Regular.ttf */,
				C65E96634466442BBC1C29F7 /* FontAwesome5_Solid.ttf */,
				2629175C7BA64175BD77F67D /* Fontisto.ttf */,
				CCF781152FE244A198D572FE /* Foundation.ttf */,
				434FA966EEE146279C84CE26 /* Ionicons.ttf */,
				76D36ABDB1794CA6B0F84916 /* MaterialCommunityIcons.ttf */,
				E9389F665E1043998F1D9B7F /* MaterialIcons.ttf */,
				6167D293E4CE4F0DB823F32C /* Octicons.ttf */,
				55C63D7F08B24AAB95B0939E /* SimpleLineIcons.ttf */,
				58092B8768BC49C597CA0428 /* Zocial.ttf */,
				B9D31F5027A94A0B86F63E4E /* Montserrat-Black.ttf */,
				128274CCE2A94F0EBE40FDDC /* Montserrat-BlackItalic.ttf */,
				C40FED6A7A18484192D63321 /* Montserrat-Bold.ttf */,
				E03814A11C964462937E3F34 /* Montserrat-BoldItalic.ttf */,
				B0109C0EC319493DB2454006 /* Montserrat-ExtraBold.ttf */,
				2133C7424D9545CA886B3EAD /* Montserrat-ExtraBoldItalic.ttf */,
				5B092A5DABCF4243B97A7371 /* Montserrat-ExtraLight.ttf */,
				58E0B9D80FD347D4AC80344F /* Montserrat-ExtraLightItalic.ttf */,
				89FFD62B7A55422590BC1998 /* Montserrat-Italic.ttf */,
				57A9CF98A0014EDB80C25646 /* Montserrat-Light.ttf */,
				A9D442FF50324F1B936C166B /* Montserrat-LightItalic.ttf */,
				5D7AA7DE87404510823AC9C3 /* Montserrat-Medium.ttf */,
				6C133D2A9D2F47D5A2094EAD /* Montserrat-MediumItalic.ttf */,
				802D1F8143BC4B7ABEE0E0EA /* Montserrat-Regular.ttf */,
				4F62A09DD84E436E9828730A /* Montserrat-SemiBold.ttf */,
				EF5A7496AC414B6087E29103 /* Montserrat-SemiBoldItalic.ttf */,
				43E0999E3FFF484E8955C089 /* Montserrat-Thin.ttf */,
				CE75CA351FB64E178F4CEC9B /* Montserrat-ThinItalic.ttf */,
				59125FC79B6F4DADBDB3E934 /* Poppins-Black.ttf */,
				6DB21C0146394F6A91C38AB4 /* Poppins-BlackItalic.ttf */,
				14FC6E6EB60444F897599683 /* Poppins-Bold.ttf */,
				66D9A7F5A64F42D097303688 /* Poppins-BoldItalic.ttf */,
				90D63EE482B84B16B3BE6FD4 /* Poppins-ExtraBold.ttf */,
				D0C4BB6641524D27B25B68FA /* Poppins-ExtraBoldItalic.ttf */,
				B751C40642044FACBA4EDF88 /* Poppins-ExtraLight.ttf */,
				7735DC8798834E3A9352E1AF /* Poppins-ExtraLightItalic.ttf */,
				161CDC2DBF6146C887843720 /* Poppins-Italic.ttf */,
				4A4F3DFB70894A35B40FE9E3 /* Poppins-Light.ttf */,
				0FCF9A08BD884789BACE5369 /* Poppins-LightItalic.ttf */,
				062D4C110C0D4B538AA905E8 /* Poppins-Medium.ttf */,
				FCC01E27DA214300A1DAEA78 /* Poppins-MediumItalic.ttf */,
				19FA51E740C247439A3FD12B /* Poppins-Regular.ttf */,
				D098D2A104B54E4A8DA0E5A7 /* Poppins-SemiBold.ttf */,
				C48F9C4190F64C7EA0A8DDF0 /* Poppins-SemiBoldItalic.ttf */,
				FAF18A4324754C27B61C692E /* Poppins-Thin.ttf */,
				308937D5A57C4E64B304546B /* Poppins-ThinItalic.ttf */,
			);
			name = Resources;
			sourceTree = "<group>";
			path = "";
		};
/* End PBXGroup section */

/* Begin PBXNativeTarget section */
		00E356ED1AD99517003FC87E /* EduProjectTests */ = {
			isa = PBXNativeTarget;
			buildConfigurationList = 00E357021AD99517003FC87E /* Build configuration list for PBXNativeTarget "EduProjectTests" */;
			buildPhases = (
				00E356EA1AD99517003FC87E /* Sources */,
				00E356EB1AD99517003FC87E /* Frameworks */,
				00E356EC1AD99517003FC87E /* Resources */,
			);
			buildRules = (
			);
			dependencies = (
				00E356F51AD99517003FC87E /* PBXTargetDependency */,
			);
			name = EduProjectTests;
			productName = EduProjectTests;
			productReference = 00E356EE1AD99517003FC87E /* EduProjectTests.xctest */;
			productType = "com.apple.product-type.bundle.unit-test";
		};
		13B07F861A680F5B00A75B9A /* EduProject */ = {
			isa = PBXNativeTarget;
			buildConfigurationList = 13B07F931A680F5B00A75B9A /* Build configuration list for PBXNativeTarget "EduProject" */;
			buildPhases = (
				FD10A7F022414F080027D42C /* Start Packager */,
				13B07F871A680F5B00A75B9A /* Sources */,
				13B07F8C1A680F5B00A75B9A /* Frameworks */,
				13B07F8E1A680F5B00A75B9A /* Resources */,
				00DD1BFF1BD5951E006B06BC /* Bundle React Native code and images */,
			);
			buildRules = (
			);
			dependencies = (
			);
			name = EduProject;
			productName = EduProject;
			productReference = 13B07F961A680F5B00A75B9A /* EduProject.app */;
			productType = "com.apple.product-type.application";
		};
/* End PBXNativeTarget section */

/* Begin PBXProject section */
		83CBB9F71A601CBA00E9B192 /* Project object */ = {
			isa = PBXProject;
			attributes = {
				LastUpgradeCheck = 1210;
				TargetAttributes = {
					00E356ED1AD99517003FC87E = {
						CreatedOnToolsVersion = 6.2;
						TestTargetID = 13B07F861A680F5B00A75B9A;
					};
					13B07F861A680F5B00A75B9A = {
						LastSwiftMigration = 1120;
					};
				};
			};
			buildConfigurationList = 83CBB9FA1A601CBA00E9B192 /* Build configuration list for PBXProject "EduProject" */;
			compatibilityVersion = "Xcode 12.0";
			developmentRegion = en;
			hasScannedForEncodings = 0;
			knownRegions = (
				en,
				Base,
			);
			mainGroup = 83CBB9F61A601CBA00E9B192;
			productRefGroup = 83CBBA001A601CBA00E9B192 /* Products */;
			projectDirPath = "";
			projectRoot = "";
			targets = (
				13B07F861A680F5B00A75B9A /* EduProject */,
				00E356ED1AD99517003FC87E /* EduProjectTests */,
			);
		};
/* End PBXProject section */

/* Begin PBXResourcesBuildPhase section */
		00E356EC1AD99517003FC87E /* Resources */ = {
			isa = PBXResourcesBuildPhase;
			buildActionMask = 2147483647;
			files = (
			);
			runOnlyForDeploymentPostprocessing = 0;
		};
		13B07F8E1A680F5B00A75B9A /* Resources */ = {
			isa = PBXResourcesBuildPhase;
			buildActionMask = 2147483647;
			files = (
				81AB9BB82411601600AC10FF /* LaunchScreen.storyboard in Resources */,
				13B07FBF1A68108700A75B9A /* Images.xcassets in Resources */,
				2815D6910D2B4EA181BF6A0B /* AntDesign.ttf in Resources */,
				A60917942C5649A6BB8752B7 /* Entypo.ttf in Resources */,
				ADBEE8C4BFCC445F9DED562B /* EvilIcons.ttf in Resources */,
				C8647588C2514267B9DEE8DB /* Feather.ttf in Resources */,
				43C42EBDC00C4330BBFADFB2 /* FontAwesome.ttf in Resources */,
				B2446D8859FA468BA74F933F /* FontAwesome5_Brands.ttf in Resources */,
				478463A000D64FFEA4F35679 /* FontAwesome5_Regular.ttf in Resources */,
				52ECBF9ED79C40E69BE77C5E /* FontAwesome5_Solid.ttf in Resources */,
				B388FAE731474F62AED41B76 /* Fontisto.ttf in Resources */,
				7ECF7F68077B4464B57AAC39 /* Foundation.ttf in Resources */,
				5B2456A924EB438294EA5E88 /* Ionicons.ttf in Resources */,
				A2C98E3B4021448C9D88DFB6 /* MaterialCommunityIcons.ttf in Resources */,
				F7C5EE1A61C84FA18B9BEB00 /* MaterialIcons.ttf in Resources */,
				8CA1EE68CCE5420F95E869E6 /* Octicons.ttf in Resources */,
				1BE74B43A2D14C62B49E572D /* SimpleLineIcons.ttf in Resources */,
				F40733A66B1F47B1B784C833 /* Zocial.ttf in Resources */,
				28688A7D98EE4C2BB23572CA /* Montserrat-Black.ttf in Resources */,
				02F436C450B44AF0B55CAADE /* Montserrat-BlackItalic.ttf in Resources */,
				8D9567AF514B4897BA31DD87 /* Montserrat-Bold.ttf in Resources */,
				E717EB52E73343A48B7B7D5D /* Montserrat-BoldItalic.ttf in Resources */,
				726C59ECF37E4019A4929356 /* Montserrat-ExtraBold.ttf in Resources */,
				C615FA96E8844211AD7E5B15 /* Montserrat-ExtraBoldItalic.ttf in Resources */,
				8EEC562745C14DD7A4E38C7D /* Montserrat-ExtraLight.ttf in Resources */,
				53DEF87FA5514DD6B5624E6A /* Montserrat-ExtraLightItalic.ttf in Resources */,
				1D44C9B26DD74C4EA33F4CAC /* Montserrat-Italic.ttf in Resources */,
				83EDA19EC4C3479EA9772791 /* Montserrat-Light.ttf in Resources */,
				0E9EFA5CF1C44EE391B5307C /* Montserrat-LightItalic.ttf in Resources */,
				51CFEDFFCC20436AA8C40FD9 /* Montserrat-Medium.ttf in Resources */,
				17E43D7FC4744230BE37B7B8 /* Montserrat-MediumItalic.ttf in Resources */,
				D0916EEA72984423ACFA218F /* Montserrat-Regular.ttf in Resources */,
				8BED88691BCE4BAFB216DB77 /* Montserrat-SemiBold.ttf in Resources */,
				C0574A5EBE1B4559A3D60698 /* Montserrat-SemiBoldItalic.ttf in Resources */,
				9F377A8CCAC844C08E199DFD /* Montserrat-Thin.ttf in Resources */,
				F0D5DD6389654740B63B9507 /* Montserrat-ThinItalic.ttf in Resources */,
				CFB62D4C259C4008AEA39758 /* Poppins-Black.ttf in Resources */,
				ADEFA3C090AE4C8D869C2A84 /* Poppins-BlackItalic.ttf in Resources */,
				C58799C5173248619C71AFDE /* Poppins-Bold.ttf in Resources */,
				9135AD4DBEDE4DB2AFD3E9EB /* Poppins-BoldItalic.ttf in Resources */,
				F7DCAC3978114870A49A2B57 /* Poppins-ExtraBold.ttf in Resources */,
				4E516B1C89E8430389D2E4A4 /* Poppins-ExtraBoldItalic.ttf in Resources */,
				F05C377094AB43B6B821D6D1 /* Poppins-ExtraLight.ttf in Resources */,
				31E26A02B0DA4F7C995FF999 /* Poppins-ExtraLightItalic.ttf in Resources */,
				C8605199331F4E878C61E790 /* Poppins-Italic.ttf in Resources */,
				790250B581104699B57F0C74 /* Poppins-Light.ttf in Resources */,
				0F913A6B60C04C04A26DF182 /* Poppins-LightItalic.ttf in Resources */,
				F71792A9AEE14ABCA261BF8F /* Poppins-Medium.ttf in Resources */,
				B5FE6ABDBF434E09A3B4B697 /* Poppins-MediumItalic.ttf in Resources */,
				BB5097865D164D46B1672BDC /* Poppins-Regular.ttf in Resources */,
				E58BAA312D0F43B19E951FBF /* Poppins-SemiBold.ttf in Resources */,
				1AC5BEF2BEA14363B004DA99 /* Poppins-SemiBoldItalic.ttf in Resources */,
				33305ACB62964A0091D3D883 /* Poppins-Thin.ttf in Resources */,
				2567BEC62B9547CE9B378F8B /* Poppins-ThinItalic.ttf in Resources */,
			);
			runOnlyForDeploymentPostprocessing = 0;
		};
/* End PBXResourcesBuildPhase section */

/* Begin PBXShellScriptBuildPhase section */
		00DD1BFF1BD5951E006B06BC /* Bundle React Native code and images */ = {
			isa = PBXShellScriptBuildPhase;
			buildActionMask = 2147483647;
			files = (
			);
			inputPaths = (
			);
			name = "Bundle React Native code and images";
			outputPaths = (
			);
			runOnlyForDeploymentPostprocessing = 0;
			shellPath = /bin/sh;
			shellScript = "set -e\n\nexport NODE_BINARY=node\n../node_modules/react-native/scripts/react-native-xcode.sh\n";
		};
		FD10A7F022414F080027D42C /* Start Packager */ = {
			isa = PBXShellScriptBuildPhase;
			buildActionMask = 2147483647;
			files = (
			);
			inputFileListPaths = (
			);
			inputPaths = (
			);
			name = "Start Packager";
			outputFileListPaths = (
			);
			outputPaths = (
			);
			runOnlyForDeploymentPostprocessing = 0;
			shellPath = /bin/sh;
			shellScript = "export RCT_METRO_PORT=\"${RCT_METRO_PORT:=8081}\"\necho \"export RCT_METRO_PORT=${RCT_METRO_PORT}\" > \"${SRCROOT}/../node_modules/react-native/scripts/.packager.env\"\nif [ -z \"${RCT_NO_LAUNCH_PACKAGER+xxx}\" ] ; then\n  if nc -w 5 -z localhost ${RCT_METRO_PORT} ; then\n    if ! curl -s \"http://localhost:${RCT_METRO_PORT}/status\" | grep -q \"packager-status:running\" ; then\n      echo \"Port ${RCT_METRO_PORT} already in use, packager is either not running or not running correctly\"\n      exit 2\n    fi\n  else\n    open \"$SRCROOT/../node_modules/react-native/scripts/launchPackager.command\" || echo \"Can't start packager automatically\"\n  fi\nfi\n";
			showEnvVarsInLog = 0;
		};
/* End PBXShellScriptBuildPhase section */

/* Begin PBXSourcesBuildPhase section */
		00E356EA1AD99517003FC87E /* Sources */ = {
			isa = PBXSourcesBuildPhase;
			buildActionMask = 2147483647;
			files = (
				00E356F31AD99517003FC87E /* EduProjectTests.m in Sources */,
			);
			runOnlyForDeploymentPostprocessing = 0;
		};
		13B07F871A680F5B00A75B9A /* Sources */ = {
			isa = PBXSourcesBuildPhase;
			buildActionMask = 2147483647;
			files = (
				13B07FBC1A68108700A75B9A /* AppDelegate.m in Sources */,
				13B07FC11A68108700A75B9A /* main.m in Sources */,
			);
			runOnlyForDeploymentPostprocessing = 0;
		};
/* End PBXSourcesBuildPhase section */

/* Begin PBXTargetDependency section */
		00E356F51AD99517003FC87E /* PBXTargetDependency */ = {
			isa = PBXTargetDependency;
			target = 13B07F861A680F5B00A75B9A /* EduProject */;
			targetProxy = 00E356F41AD99517003FC87E /* PBXContainerItemProxy */;
		};
/* End PBXTargetDependency section */

/* Begin XCBuildConfiguration section */
		00E356F61AD99517003FC87E /* Debug */ = {
			isa = XCBuildConfiguration;
			buildSettings = {
				BUNDLE_LOADER = "$(TEST_HOST)";
				GCC_PREPROCESSOR_DEFINITIONS = (
					"DEBUG=1",
					"$(inherited)",
				);
				INFOPLIST_FILE = EduProjectTests/Info.plist;
				IPHONEOS_DEPLOYMENT_TARGET = 11.0;
				LD_RUNPATH_SEARCH_PATHS = (
					"$(inherited)",
					"@executable_path/Frameworks",
					"@loader_path/Frameworks",
				);
				OTHER_LDFLAGS = (
					"-ObjC",
					"-lc++",
					"$(inherited)",
				);
				PRODUCT_BUNDLE_IDENTIFIER = "org.reactjs.native.example.$(PRODUCT_NAME:rfc1034identifier)";
				PRODUCT_NAME = "$(TARGET_NAME)";
				TEST_HOST = "$(BUILT_PRODUCTS_DIR)/EduProject.app/EduProject";
			};
			name = Debug;
		};
		00E356F71AD99517003FC87E /* Release */ = {
			isa = XCBuildConfiguration;
			buildSettings = {
				BUNDLE_LOADER = "$(TEST_HOST)";
				COPY_PHASE_STRIP = NO;
				INFOPLIST_FILE = EduProjectTests/Info.plist;
				IPHONEOS_DEPLOYMENT_TARGET = 11.0;
				LD_RUNPATH_SEARCH_PATHS = (
					"$(inherited)",
					"@executable_path/Frameworks",
					"@loader_path/Frameworks",
				);
				OTHER_LDFLAGS = (
					"-ObjC",
					"-lc++",
					"$(inherited)",
				);
				PRODUCT_BUNDLE_IDENTIFIER = "org.reactjs.native.example.$(PRODUCT_NAME:rfc1034identifier)";
				PRODUCT_NAME = "$(TARGET_NAME)";
				TEST_HOST = "$(BUILT_PRODUCTS_DIR)/EduProject.app/EduProject";
			};
			name = Release;
		};
		13B07F941A680F5B00A75B9A /* Debug */ = {
			isa = XCBuildConfiguration;
			buildSettings = {
				ASSETCATALOG_COMPILER_APPICON_NAME = AppIcon;
				CLANG_ENABLE_MODULES = YES;
				CURRENT_PROJECT_VERSION = 1;
				ENABLE_BITCODE = NO;
				INFOPLIST_FILE = EduProject/Info.plist;
				LD_RUNPATH_SEARCH_PATHS = (
					"$(inherited)",
					"@executable_path/Frameworks",
				);
				OTHER_LDFLAGS = (
					"$(inherited)",
					"-ObjC",
					"-lc++",
				);
				PRODUCT_BUNDLE_IDENTIFIER = "org.reactjs.native.example.$(PRODUCT_NAME:rfc1034identifier)";
				PRODUCT_NAME = EduProject;
				SWIFT_OPTIMIZATION_LEVEL = "-Onone";
				SWIFT_VERSION = 5.0;
				VERSIONING_SYSTEM = "apple-generic";
			};
			name = Debug;
		};
		13B07F951A680F5B00A75B9A /* Release */ = {
			isa = XCBuildConfiguration;
			buildSettings = {
				ASSETCATALOG_COMPILER_APPICON_NAME = AppIcon;
				CLANG_ENABLE_MODULES = YES;
				CURRENT_PROJECT_VERSION = 1;
				INFOPLIST_FILE = EduProject/Info.plist;
				LD_RUNPATH_SEARCH_PATHS = (
					"$(inherited)",
					"@executable_path/Frameworks",
				);
				OTHER_LDFLAGS = (
					"$(inherited)",
					"-ObjC",
					"-lc++",
				);
				PRODUCT_BUNDLE_IDENTIFIER = "org.reactjs.native.example.$(PRODUCT_NAME:rfc1034identifier)";
				PRODUCT_NAME = EduProject;
				SWIFT_VERSION = 5.0;
				VERSIONING_SYSTEM = "apple-generic";
			};
			name = Release;
		};
		83CBBA201A601CBA00E9B192 /* Debug */ = {
			isa = XCBuildConfiguration;
			buildSettings = {
				ALWAYS_SEARCH_USER_PATHS = NO;
				CLANG_ANALYZER_LOCALIZABILITY_NONLOCALIZED = YES;
				CLANG_CXX_LANGUAGE_STANDARD = "gnu++0x";
				CLANG_CXX_LIBRARY = "libc++";
				CLANG_ENABLE_MODULES = YES;
				CLANG_ENABLE_OBJC_ARC = YES;
				CLANG_WARN_BLOCK_CAPTURE_AUTORELEASING = YES;
				CLANG_WARN_BOOL_CONVERSION = YES;
				CLANG_WARN_COMMA = YES;
				CLANG_WARN_CONSTANT_CONVERSION = YES;
				CLANG_WARN_DEPRECATED_OBJC_IMPLEMENTATIONS = YES;
				CLANG_WARN_DIRECT_OBJC_ISA_USAGE = YES_ERROR;
				CLANG_WARN_EMPTY_BODY = YES;
				CLANG_WARN_ENUM_CONVERSION = YES;
				CLANG_WARN_INFINITE_RECURSION = YES;
				CLANG_WARN_INT_CONVERSION = YES;
				CLANG_WARN_NON_LITERAL_NULL_CONVERSION = YES;
				CLANG_WARN_OBJC_IMPLICIT_RETAIN_SELF = YES;
				CLANG_WARN_OBJC_LITERAL_CONVERSION = YES;
				CLANG_WARN_OBJC_ROOT_CLASS = YES_ERROR;
				CLANG_WARN_QUOTED_INCLUDE_IN_FRAMEWORK_HEADER = YES;
				CLANG_WARN_RANGE_LOOP_ANALYSIS = YES;
				CLANG_WARN_STRICT_PROTOTYPES = YES;
				CLANG_WARN_SUSPICIOUS_MOVE = YES;
				CLANG_WARN_UNREACHABLE_CODE = YES;
				CLANG_WARN__DUPLICATE_METHOD_MATCH = YES;
				"CODE_SIGN_IDENTITY[sdk=iphoneos*]" = "iPhone Developer";
				COPY_PHASE_STRIP = NO;
				ENABLE_STRICT_OBJC_MSGSEND = YES;
				ENABLE_TESTABILITY = YES;
				GCC_C_LANGUAGE_STANDARD = gnu99;
				GCC_DYNAMIC_NO_PIC = NO;
				GCC_NO_COMMON_BLOCKS = YES;
				GCC_OPTIMIZATION_LEVEL = 0;
				GCC_PREPROCESSOR_DEFINITIONS = (
					"DEBUG=1",
					"$(inherited)",
				);
				GCC_SYMBOLS_PRIVATE_EXTERN = NO;
				GCC_WARN_64_TO_32_BIT_CONVERSION = YES;
				GCC_WARN_ABOUT_RETURN_TYPE = YES_ERROR;
				GCC_WARN_UNDECLARED_SELECTOR = YES;
				GCC_WARN_UNINITIALIZED_AUTOS = YES_AGGRESSIVE;
				GCC_WARN_UNUSED_FUNCTION = YES;
				GCC_WARN_UNUSED_VARIABLE = YES;
				IPHONEOS_DEPLOYMENT_TARGET = 11.0;
				LD_RUNPATH_SEARCH_PATHS = (
					/usr/lib/swift,
					"$(inherited)",
				);
				LIBRARY_SEARCH_PATHS = (
					"\"$(SDKROOT)/usr/lib/swift\"",
					"\"$(TOOLCHAIN_DIR)/usr/lib/swift/$(PLATFORM_NAME)\"",
					"\"$(TOOLCHAIN_DIR)/usr/lib/swift-5.0/$(PLATFORM_NAME)\"",
					"\"$(inherited)\"",
				);
				MTL_ENABLE_DEBUG_INFO = YES;
				ONLY_ACTIVE_ARCH = YES;
				SDKROOT = iphoneos;
			};
			name = Debug;
		};
		83CBBA211A601CBA00E9B192 /* Release */ = {
			isa = XCBuildConfiguration;
			buildSettings = {
				ALWAYS_SEARCH_USER_PATHS = NO;
				CLANG_ANALYZER_LOCALIZABILITY_NONLOCALIZED = YES;
				CLANG_CXX_LANGUAGE_STANDARD = "gnu++0x";
				CLANG_CXX_LIBRARY = "libc++";
				CLANG_ENABLE_MODULES = YES;
				CLANG_ENABLE_OBJC_ARC = YES;
				CLANG_WARN_BLOCK_CAPTURE_AUTORELEASING = YES;
				CLANG_WARN_BOOL_CONVERSION = YES;
				CLANG_WARN_COMMA = YES;
				CLANG_WARN_CONSTANT_CONVERSION = YES;
				CLANG_WARN_DEPRECATED_OBJC_IMPLEMENTATIONS = YES;
				CLANG_WARN_DIRECT_OBJC_ISA_USAGE = YES_ERROR;
				CLANG_WARN_EMPTY_BODY = YES;
				CLANG_WARN_ENUM_CONVERSION = YES;
				CLANG_WARN_INFINITE_RECURSION = YES;
				CLANG_WARN_INT_CONVERSION = YES;
				CLANG_WARN_NON_LITERAL_NULL_CONVERSION = YES;
				CLANG_WARN_OBJC_IMPLICIT_RETAIN_SELF = YES;
				CLANG_WARN_OBJC_LITERAL_CONVERSION = YES;
				CLANG_WARN_OBJC_ROOT_CLASS = YES_ERROR;
				CLANG_WARN_QUOTED_INCLUDE_IN_FRAMEWORK_HEADER = YES;
				CLANG_WARN_RANGE_LOOP_ANALYSIS = YES;
				CLANG_WARN_STRICT_PROTOTYPES = YES;
				CLANG_WARN_SUSPICIOUS_MOVE = YES;
				CLANG_WARN_UNREACHABLE_CODE = YES;
				CLANG_WARN__DUPLICATE_METHOD_MATCH = YES;
				"CODE_SIGN_IDENTITY[sdk=iphoneos*]" = "iPhone Developer";
				COPY_PHASE_STRIP = YES;
				ENABLE_NS_ASSERTIONS = NO;
				ENABLE_STRICT_OBJC_MSGSEND = YES;
				GCC_C_LANGUAGE_STANDARD = gnu99;
				GCC_NO_COMMON_BLOCKS = YES;
				GCC_WARN_64_TO_32_BIT_CONVERSION = YES;
				GCC_WARN_ABOUT_RETURN_TYPE = YES_ERROR;
				GCC_WARN_UNDECLARED_SELECTOR = YES;
				GCC_WARN_UNINITIALIZED_AUTOS = YES_AGGRESSIVE;
				GCC_WARN_UNUSED_FUNCTION = YES;
				GCC_WARN_UNUSED_VARIABLE = YES;
				IPHONEOS_DEPLOYMENT_TARGET = 11.0;
				LD_RUNPATH_SEARCH_PATHS = (
					/usr/lib/swift,
					"$(inherited)",
				);
				LIBRARY_SEARCH_PATHS = (
					"\"$(SDKROOT)/usr/lib/swift\"",
					"\"$(TOOLCHAIN_DIR)/usr/lib/swift/$(PLATFORM_NAME)\"",
					"\"$(TOOLCHAIN_DIR)/usr/lib/swift-5.0/$(PLATFORM_NAME)\"",
					"\"$(inherited)\"",
				);
				MTL_ENABLE_DEBUG_INFO = NO;
				SDKROOT = iphoneos;
				VALIDATE_PRODUCT = YES;
			};
			name = Release;
		};
/* End XCBuildConfiguration section */

/* Begin XCConfigurationList section */
		00E357021AD99517003FC87E /* Build configuration list for PBXNativeTarget "EduProjectTests" */ = {
			isa = XCConfigurationList;
			buildConfigurations = (
				00E356F61AD99517003FC87E /* Debug */,
				00E356F71AD99517003FC87E /* Release */,
			);
			defaultConfigurationIsVisible = 0;
			defaultConfigurationName = Release;
		};
		13B07F931A680F5B00A75B9A /* Build configuration list for PBXNativeTarget "EduProject" */ = {
			isa = XCConfigurationList;
			buildConfigurations = (
				13B07F941A680F5B00A75B9A /* Debug */,
				13B07F951A680F5B00A75B9A /* Release */,
			);
			defaultConfigurationIsVisible = 0;
			defaultConfigurationName = Release;
		};
		83CBB9FA1A601CBA00E9B192 /* Build configuration list for PBXProject "EduProject" */ = {
			isa = XCConfigurationList;
			buildConfigurations = (
				83CBBA201A601CBA00E9B192 /* Debug */,
				83CBBA211A601CBA00E9B192 /* Release */,
			);
			defaultConfigurationIsVisible = 0;
			defaultConfigurationName = Release;
		};
/* End XCConfigurationList section */
	};
	rootObject = 83CBB9F71A601CBA00E9B192 /* Project object */;
}
